
Microsoft Visual Studio Solution File, Format Version 12.00
# Visual Studio 15
VisualStudioVersion = 15.0.27130.2010
MinimumVisualStudioVersion = 10.0.40219.1
Project("{9A19103F-16F7-4668-BE54-9A1E7A4F7556}") = "LH.CommandLine", "src\LH.CommandLine\LH.CommandLine.csproj", "{C27A2BE5-67BB-4C18-AB34-89D6D524FFBE}"
EndProject
Project("{9A19103F-16F7-4668-BE54-9A1E7A4F7556}") = "LH.CommandLine.UnitTests", "tests\LH.CommandLine.UnitTests\LH.CommandLine.UnitTests.csproj", "{89A3D83D-25E3-455E-ABDF-A3A0C0A19A5F}"
EndProject
Project("{2150E333-8FDC-42A3-9474-1A3956D46DE8}") = "Tests", "Tests", "{9C843601-030A-4457-AE59-8E652D37389D}"
EndProject
Project("{2150E333-8FDC-42A3-9474-1A3956D46DE8}") = "Samples", "Samples", "{C3CDF0F4-454C-433F-A47E-2F8BA8B6A66A}"
EndProject
Project("{9A19103F-16F7-4668-BE54-9A1E7A4F7556}") = "LH.CommandLine.DependencyInjection", "src\LH.CommandLine.DependencyInjection\LH.CommandLine.DependencyInjection.csproj", "{FBA9E2EA-CADF-419F-99EE-2C790A67F088}"
EndProject
Project("{2150E333-8FDC-42A3-9474-1A3956D46DE8}") = "Solution Items", "Solution Items", "{974AA1FF-B3EB-44B7-92B0-7AB78D591F18}"
	ProjectSection(SolutionItems) = preProject
		AttributesNotes.txt = AttributesNotes.txt
		Notes.txt = Notes.txt
		OptionsNotes.txt = OptionsNotes.txt
	EndProjectSection
EndProject
Project("{9A19103F-16F7-4668-BE54-9A1E7A4F7556}") = "LH.CommandLine.FunctionalTests", "tests\LH.CommandLine.FunctionalTests\LH.CommandLine.FunctionalTests.csproj", "{A818782C-9F3D-45F9-83CA-03629BD22D85}"
EndProject
Global
	GlobalSection(SolutionConfigurationPlatforms) = preSolution
		Debug|Any CPU = Debug|Any CPU
		Release|Any CPU = Release|Any CPU
	EndGlobalSection
	GlobalSection(ProjectConfigurationPlatforms) = postSolution
		{C27A2BE5-67BB-4C18-AB34-89D6D524FFBE}.Debug|Any CPU.ActiveCfg = Debug|Any CPU
		{C27A2BE5-67BB-4C18-AB34-89D6D524FFBE}.Debug|Any CPU.Build.0 = Debug|Any CPU
		{C27A2BE5-67BB-4C18-AB34-89D6D524FFBE}.Release|Any CPU.ActiveCfg = Release|Any CPU
		{C27A2BE5-67BB-4C18-AB34-89D6D524FFBE}.Release|Any CPU.Build.0 = Release|Any CPU
		{89A3D83D-25E3-455E-ABDF-A3A0C0A19A5F}.Debug|Any CPU.ActiveCfg = Debug|Any CPU
		{89A3D83D-25E3-455E-ABDF-A3A0C0A19A5F}.Debug|Any CPU.Build.0 = Debug|Any CPU
		{89A3D83D-25E3-455E-ABDF-A3A0C0A19A5F}.Release|Any CPU.ActiveCfg = Release|Any CPU
		{89A3D83D-25E3-455E-ABDF-A3A0C0A19A5F}.Release|Any CPU.Build.0 = Release|Any CPU
		{FBA9E2EA-CADF-419F-99EE-2C790A67F088}.Debug|Any CPU.ActiveCfg = Debug|Any CPU
		{FBA9E2EA-CADF-419F-99EE-2C790A67F088}.Debug|Any CPU.Build.0 = Debug|Any CPU
		{FBA9E2EA-CADF-419F-99EE-2C790A67F088}.Release|Any CPU.ActiveCfg = Release|Any CPU
		{FBA9E2EA-CADF-419F-99EE-2C790A67F088}.Release|Any CPU.Build.0 = Release|Any CPU
		{A818782C-9F3D-45F9-83CA-03629BD22D85}.Debug|Any CPU.ActiveCfg = Debug|Any CPU
		{A818782C-9F3D-45F9-83CA-03629BD22D85}.Debug|Any CPU.Build.0 = Debug|Any CPU
		{A818782C-9F3D-45F9-83CA-03629BD22D85}.Release|Any CPU.ActiveCfg = Release|Any CPU
		{A818782C-9F3D-45F9-83CA-03629BD22D85}.Release|Any CPU.Build.0 = Release|Any CPU
	EndGlobalSection
	GlobalSection(SolutionProperties) = preSolution
		HideSolutionNode = FALSE
	EndGlobalSection
	GlobalSection(NestedProjects) = preSolution
		{89A3D83D-25E3-455E-ABDF-A3A0C0A19A5F} = {9C843601-030A-4457-AE59-8E652D37389D}
		{A818782C-9F3D-45F9-83CA-03629BD22D85} = {9C843601-030A-4457-AE59-8E652D37389D}
	EndGlobalSection
	GlobalSection(ExtensibilityGlobals) = postSolution
		SolutionGuid = {D1E15DB2-0946-4C68-9961-E128070CD2C6}
	EndGlobalSection
EndGlobal
